
Microsoft Visual Studio Solution File, Format Version 12.00
# Visual Studio 15
VisualStudioVersion = 15.0.26430.6
MinimumVisualStudioVersion = 10.0.40219.1
Project("{FAE04EC0-301F-11D3-BF4B-00C04F79EFBC}") = "SISHaU.Web", "SISHaU\SISHaU\SISHaU.Web.csproj", "{4389B305-B381-4B50-B1A8-BBB5259A0524}"
EndProject
Project("{FAE04EC0-301F-11D3-BF4B-00C04F79EFBC}") = "SISHaU.ServiceModel", "SISHaU\SISHaU.ServiceModel\SISHaU.ServiceModel.csproj", "{53E82AC1-DD1D-4C66-B55F-F9F4ACFB2F40}"
EndProject
Project("{FAE04EC0-301F-11D3-BF4B-00C04F79EFBC}") = "SISHaU.ServiceInterface", "SISHaU\SISHaU.ServiceInterface\SISHaU.ServiceInterface.csproj", "{801A0F89-D5F6-49A6-BCEA-6624388C98A4}"
EndProject
Project("{FAE04EC0-301F-11D3-BF4B-00C04F79EFBC}") = "SISHaU.Tests", "SISHaU\SISHaU.Tests\SISHaU.Tests.csproj", "{D22B5797-9F2A-4BA7-9636-6EFCE62EBE00}"
EndProject
Project("{FAE04EC0-301F-11D3-BF4B-00C04F79EFBC}") = "SISHaU.Signature", "SISHaU.Signature\SISHaU.Signature.csproj", "{035759F5-2B6A-4FAB-B372-EAD476AFD334}"
EndProject
Project("{FAE04EC0-301F-11D3-BF4B-00C04F79EFBC}") = "SISHaU.Library", "SISHaU.Library\SISHaU.Library.csproj", "{DFCDE107-C6C9-4364-823B-6401937E1480}"
EndProject
Project("{FAE04EC0-301F-11D3-BF4B-00C04F79EFBC}") = "SISHaU.DataAccess", "SISHaU.DataAccess\SISHaU.DataAccess.csproj", "{551EBF42-27DF-4C10-9FC7-BF1E58C0C423}"
EndProject
Project("{FAE04EC0-301F-11D3-BF4B-00C04F79EFBC}") = "SISHaU.Adapter", "SISHaU.Adapter\SISHaU.Adapter.csproj", "{1DD4F436-42F3-4225-869E-C9C3B492E0C8}"
	ProjectSection(ProjectDependencies) = postProject
		{DFCDE107-C6C9-4364-823B-6401937E1480} = {DFCDE107-C6C9-4364-823B-6401937E1480}
	EndProjectSection
EndProject
Project("{FAE04EC0-301F-11D3-BF4B-00C04F79EFBC}") = "SISHaU.Integration", "SISHaU.Integration\SISHaU.Integration.csproj", "{AC23E862-4CA2-4B6E-864A-4DB7C582D7D4}"
EndProject
Project("{2150E333-8FDC-42A3-9474-1A3956D46DE8}") = "ArchitectDiagram", "ArchitectDiagram", "{316AD569-538F-44C7-A33F-2374B42B4443}"
	ProjectSection(SolutionItems) = preProject
		GlobalGraph.dgml = GlobalGraph.dgml
	EndProjectSection
EndProject
Project("{FAE04EC0-301F-11D3-BF4B-00C04F79EFBC}") = "SISHaU.UnitTests", "SISHaU.UnitTests\SISHaU.UnitTests.csproj", "{35BDFBA3-E294-41D8-91FF-51DF8290C2B2}"
EndProject
Project("{FAE04EC0-301F-11D3-BF4B-00C04F79EFBC}") = "SISHaU.FileStreamIdea", "SISHaU.FileStreamIdea\SISHaU.FileStreamIdea.csproj", "{5CF28392-53C5-4EC5-8B01-5B8202DC998E}"
EndProject
Global
	GlobalSection(SolutionConfigurationPlatforms) = preSolution
		Debug|Any CPU = Debug|Any CPU
		Release|Any CPU = Release|Any CPU
	EndGlobalSection
	GlobalSection(ProjectConfigurationPlatforms) = postSolution
		{4389B305-B381-4B50-B1A8-BBB5259A0524}.Debug|Any CPU.ActiveCfg = Debug|Any CPU
		{4389B305-B381-4B50-B1A8-BBB5259A0524}.Debug|Any CPU.Build.0 = Debug|Any CPU
		{4389B305-B381-4B50-B1A8-BBB5259A0524}.Release|Any CPU.ActiveCfg = Release|Any CPU
		{4389B305-B381-4B50-B1A8-BBB5259A0524}.Release|Any CPU.Build.0 = Release|Any CPU
		{53E82AC1-DD1D-4C66-B55F-F9F4ACFB2F40}.Debug|Any CPU.ActiveCfg = Debug|Any CPU
		{53E82AC1-DD1D-4C66-B55F-F9F4ACFB2F40}.Debug|Any CPU.Build.0 = Debug|Any CPU
		{53E82AC1-DD1D-4C66-B55F-F9F4ACFB2F40}.Release|Any CPU.ActiveCfg = Release|Any CPU
		{53E82AC1-DD1D-4C66-B55F-F9F4ACFB2F40}.Release|Any CPU.Build.0 = Release|Any CPU
		{801A0F89-D5F6-49A6-BCEA-6624388C98A4}.Debug|Any CPU.ActiveCfg = Debug|Any CPU
		{801A0F89-D5F6-49A6-BCEA-6624388C98A4}.Debug|Any CPU.Build.0 = Debug|Any CPU
		{801A0F89-D5F6-49A6-BCEA-6624388C98A4}.Release|Any CPU.ActiveCfg = Release|Any CPU
		{801A0F89-D5F6-49A6-BCEA-6624388C98A4}.Release|Any CPU.Build.0 = Release|Any CPU
		{D22B5797-9F2A-4BA7-9636-6EFCE62EBE00}.Debug|Any CPU.ActiveCfg = Debug|Any CPU
		{D22B5797-9F2A-4BA7-9636-6EFCE62EBE00}.Debug|Any CPU.Build.0 = Debug|Any CPU
		{D22B5797-9F2A-4BA7-9636-6EFCE62EBE00}.Release|Any CPU.ActiveCfg = Release|Any CPU
		{D22B5797-9F2A-4BA7-9636-6EFCE62EBE00}.Release|Any CPU.Build.0 = Release|Any CPU
		{035759F5-2B6A-4FAB-B372-EAD476AFD334}.Debug|Any CPU.ActiveCfg = Debug|Any CPU
		{035759F5-2B6A-4FAB-B372-EAD476AFD334}.Debug|Any CPU.Build.0 = Debug|Any CPU
		{035759F5-2B6A-4FAB-B372-EAD476AFD334}.Release|Any CPU.ActiveCfg = Release|Any CPU
		{035759F5-2B6A-4FAB-B372-EAD476AFD334}.Release|Any CPU.Build.0 = Release|Any CPU
		{DFCDE107-C6C9-4364-823B-6401937E1480}.Debug|Any CPU.ActiveCfg = Debug|Any CPU
		{DFCDE107-C6C9-4364-823B-6401937E1480}.Debug|Any CPU.Build.0 = Debug|Any CPU
		{DFCDE107-C6C9-4364-823B-6401937E1480}.Release|Any CPU.ActiveCfg = Release|Any CPU
		{DFCDE107-C6C9-4364-823B-6401937E1480}.Release|Any CPU.Build.0 = Release|Any CPU
		{551EBF42-27DF-4C10-9FC7-BF1E58C0C423}.Debug|Any CPU.ActiveCfg = Debug|Any CPU
		{551EBF42-27DF-4C10-9FC7-BF1E58C0C423}.Debug|Any CPU.Build.0 = Debug|Any CPU
		{551EBF42-27DF-4C10-9FC7-BF1E58C0C423}.Release|Any CPU.ActiveCfg = Release|Any CPU
		{551EBF42-27DF-4C10-9FC7-BF1E58C0C423}.Release|Any CPU.Build.0 = Release|Any CPU
		{1DD4F436-42F3-4225-869E-C9C3B492E0C8}.Debug|Any CPU.ActiveCfg = Debug|Any CPU
		{1DD4F436-42F3-4225-869E-C9C3B492E0C8}.Debug|Any CPU.Build.0 = Debug|Any CPU
		{1DD4F436-42F3-4225-869E-C9C3B492E0C8}.Release|Any CPU.ActiveCfg = Release|Any CPU
		{1DD4F436-42F3-4225-869E-C9C3B492E0C8}.Release|Any CPU.Build.0 = Release|Any CPU
		{AC23E862-4CA2-4B6E-864A-4DB7C582D7D4}.Debug|Any CPU.ActiveCfg = Debug|Any CPU
		{AC23E862-4CA2-4B6E-864A-4DB7C582D7D4}.Debug|Any CPU.Build.0 = Debug|Any CPU
		{AC23E862-4CA2-4B6E-864A-4DB7C582D7D4}.Release|Any CPU.ActiveCfg = Release|Any CPU
		{AC23E862-4CA2-4B6E-864A-4DB7C582D7D4}.Release|Any CPU.Build.0 = Release|Any CPU
		{35BDFBA3-E294-41D8-91FF-51DF8290C2B2}.Debug|Any CPU.ActiveCfg = Debug|Any CPU
		{35BDFBA3-E294-41D8-91FF-51DF8290C2B2}.Debug|Any CPU.Build.0 = Debug|Any CPU
		{35BDFBA3-E294-41D8-91FF-51DF8290C2B2}.Release|Any CPU.ActiveCfg = Release|Any CPU
		{35BDFBA3-E294-41D8-91FF-51DF8290C2B2}.Release|Any CPU.Build.0 = Release|Any CPU
		{5CF28392-53C5-4EC5-8B01-5B8202DC998E}.Debug|Any CPU.ActiveCfg = Debug|Any CPU
		{5CF28392-53C5-4EC5-8B01-5B8202DC998E}.Debug|Any CPU.Build.0 = Debug|Any CPU
		{5CF28392-53C5-4EC5-8B01-5B8202DC998E}.Release|Any CPU.ActiveCfg = Release|Any CPU
		{5CF28392-53C5-4EC5-8B01-5B8202DC998E}.Release|Any CPU.Build.0 = Release|Any CPU
	EndGlobalSection
	GlobalSection(SolutionProperties) = preSolution
		HideSolutionNode = FALSE
	EndGlobalSection
EndGlobal
